uuid: fabbe463-7b3a-47b9-86b7-41c179c43ea0
langcode: en
status: true
dependencies:
  config:
    - views.view.recipe_collections
  module:
    - views
  theme:
    - umami
_core:
  default_config_hash: E0HLSvcSJo84yye98a8UbxEugNebWa1XQAmUxBSXuus
id: views_block__recipe_collections_block
theme: umami
region: content_bottom
weight: 0
provider: null
plugin: 'views_block:recipe_collections-block'
settings:
  id: 'views_block:recipe_collections-block'
  label: ''
  provider: views
  label_display: visible
  views_label: ''
  items_per_page: none
visibility: {  }
